schema: '2.0'
stages:
  load_data:
    cmd: python src/load_data.py --config=params.yaml
    deps:
    - path: data_given/winequality.csv
      md5: 64d12b891fb15cfabf65a98bb9dad2a7
      size: 85743
    - path: src/get_data.py
      md5: 14ed6ba5cac28f2c7be4a8ce7980ccb1
      size: 679
    - path: src/load_data.py
      md5: 4005019356607d1d9f0891db345f9fc9
      size: 676
    outs:
    - path: data/raw/winequality.csv
      md5: 86228a91cb3ca14021cce0aebdc65bf2
      size: 93569
  split_data:
    cmd: python src/split_data.py --config=params.yaml
    deps:
    - path: data/raw/winequality.csv
      md5: 86228a91cb3ca14021cce0aebdc65bf2
      size: 93569
    - path: src/split_data.py
      md5: 66d5d17f1134d73ed87a9347518ae3fb
      size: 1102
    outs:
    - path: data/processed/test_winequality.csv
      md5: b31a4073fa82bc444fd5683cb5cf7e76
      size: 18832
    - path: data/processed/train_winequality.csv
      md5: 34dd371cf49c8e8170ccc7f91a0290a2
      size: 74884
  train_and_evaluate:
    cmd: python src/train_and_evaluate.py --config=params.yaml
    deps:
    - path: data/processed/test_winequality.csv
      md5: b31a4073fa82bc444fd5683cb5cf7e76
      size: 18832
    - path: data/processed/train_winequality.csv
      md5: 34dd371cf49c8e8170ccc7f91a0290a2
      size: 74884
    - path: src/train_and_evaluate.py
      md5: 92960a26197de0b62186c2d248f5504f
      size: 2586
    params:
      params.yaml:
        estimators.ElasticNet.params.alpha: 0.88
        estimators.ElasticNet.params.l1_ratio: 0.89
    outs:
    - path: report/params.json
      md5: 0568f34313ba7c5e55128b75dbcbee5c
      size: 46
    - path: report/scores.json
      md5: ac89e037063ee307b6d23c8ef0583610
      size: 100
    - path: saved_models/model.joblib
      md5: 00ed53db4e790ca27a475af53f04eba1
      size: 818
